// !$*UTF8*$!
{
	archiveVersion = 1;
	classes = {
	};
	objectVersion = 52;
	objects = {

/* Begin PBXBuildFile section */
		053A00AA22837E6E00C5D56F /* AppDelegate.swift in Sources */ = {isa = PBXBuildFile; fileRef = 053A00A922837E6E00C5D56F /* AppDelegate.swift */; };
		053A00AC22837E6F00C5D56F /* Assets.xcassets in Resources */ = {isa = PBXBuildFile; fileRef = 053A00AB22837E6F00C5D56F /* Assets.xcassets */; };
		053A00D322837ED000C5D56F /* ListWindowController.swift in Sources */ = {isa = PBXBuildFile; fileRef = 053A00C322837ED000C5D56F /* ListWindowController.swift */; };
		053A00D622837ED000C5D56F /* ListItem.swift in Sources */ = {isa = PBXBuildFile; fileRef = 053A00C722837ED000C5D56F /* ListItem.swift */; };
		053A00D722837ED000C5D56F /* TextItem.swift in Sources */ = {isa = PBXBuildFile; fileRef = 053A00C822837ED000C5D56F /* TextItem.swift */; };
		053A00D822837ED000C5D56F /* TitleSupplementaryView.swift in Sources */ = {isa = PBXBuildFile; fileRef = 053A00C922837ED000C5D56F /* TitleSupplementaryView.swift */; };
		053A00E022837EDE00C5D56F /* WiFiNetworkItem.swift in Sources */ = {isa = PBXBuildFile; fileRef = 053A00DD22837EDE00C5D56F /* WiFiNetworkItem.swift */; };
		053A00E622837F4800C5D56F /* WIFIController.swift in Sources */ = {isa = PBXBuildFile; fileRef = FD1BB0AA225FA81D003ADF88 /* WIFIController.swift */; };
		0586E2662297999700594D93 /* InsertionSortWindowController.swift in Sources */ = {isa = PBXBuildFile; fileRef = 0586E2652297999700594D93 /* InsertionSortWindowController.swift */; };
		0586E26C22979E5400594D93 /* InsertionSortItem.swift in Sources */ = {isa = PBXBuildFile; fileRef = 0586E26B22979E5400594D93 /* InsertionSortItem.swift */; };
		0586E2712297A0AC00594D93 /* InsertionSortArray.swift in Sources */ = {isa = PBXBuildFile; fileRef = 0586E2702297A0AC00594D93 /* InsertionSortArray.swift */; };
		05B367FE22A0D8E800D7A9E0 /* MountainsRawData.swift in Sources */ = {isa = PBXBuildFile; fileRef = 05B367FC22A0D8E100D7A9E0 /* MountainsRawData.swift */; };
		05B367FF22A0D8E800D7A9E0 /* MountainsController.swift in Sources */ = {isa = PBXBuildFile; fileRef = 05B367FD22A0D8E800D7A9E0 /* MountainsController.swift */; };
		05C43D67228A64EC002750F0 /* GridWindowController.swift in Sources */ = {isa = PBXBuildFile; fileRef = 053A00C022837ED000C5D56F /* GridWindowController.swift */; };
		05C43D68228A655C002750F0 /* AdaptiveSectionsWindowController.swift in Sources */ = {isa = PBXBuildFile; fileRef = 053A00BE22837ED000C5D56F /* AdaptiveSectionsWindowController.swift */; };
		05C43D69228A66EA002750F0 /* InsetItemsGridWindowController.swift in Sources */ = {isa = PBXBuildFile; fileRef = 053A00C122837ED000C5D56F /* InsetItemsGridWindowController.swift */; };
		05C43D6A228A6784002750F0 /* TwoColumnWindowController.swift in Sources */ = {isa = PBXBuildFile; fileRef = 053A00C522837ED000C5D56F /* TwoColumnWindowController.swift */; };
		05C43D6B228A67AA002750F0 /* DistinctSectionsWindowController.swift in Sources */ = {isa = PBXBuildFile; fileRef = 053A00BF22837ED000C5D56F /* DistinctSectionsWindowController.swift */; };
		05C43D6C228A6866002750F0 /* NestedGroupsWindowController.swift in Sources */ = {isa = PBXBuildFile; fileRef = 053A00B922837ED000C5D56F /* NestedGroupsWindowController.swift */; };
		05C43D6D228A6949002750F0 /* OrthogonalScrollingWindowController.swift in Sources */ = {isa = PBXBuildFile; fileRef = 053A00BA22837ED000C5D56F /* OrthogonalScrollingWindowController.swift */; };
		05C43D6E228A6A32002750F0 /* ItemBadgeSupplementaryWindowController.swift in Sources */ = {isa = PBXBuildFile; fileRef = 053A00C222837ED000C5D56F /* ItemBadgeSupplementaryWindowController.swift */; };
		05C43D6F228A6D15002750F0 /* SectionHeadersFootersWindowController.swift in Sources */ = {isa = PBXBuildFile; fileRef = 053A00C422837ED000C5D56F /* SectionHeadersFootersWindowController.swift */; };
		05C43D76228A6FB2002750F0 /* MountainsWindowController.swift in Sources */ = {isa = PBXBuildFile; fileRef = 053A00DC22837EDE00C5D56F /* MountainsWindowController.swift */; };
		05C43D79228A7121002750F0 /* WiFiSettingsWindowController.swift in Sources */ = {isa = PBXBuildFile; fileRef = 053A00DE22837EDE00C5D56F /* WiFiSettingsWindowController.swift */; };
		573612CE22A1CDA900671B03 /* TextItem.xib in Resources */ = {isa = PBXBuildFile; fileRef = 573612A622A1CDA800671B03 /* TextItem.xib */; };
		573612CF22A1CDA900671B03 /* InsertionSortWindow.xib in Resources */ = {isa = PBXBuildFile; fileRef = 573612A822A1CDA800671B03 /* InsertionSortWindow.xib */; };
		573612D022A1CDA900671B03 /* NestedGroupsWindow.xib in Resources */ = {isa = PBXBuildFile; fileRef = 573612AA22A1CDA800671B03 /* NestedGroupsWindow.xib */; };
		573612D122A1CDA900671B03 /* OrthogonalScrollingWindow.xib in Resources */ = {isa = PBXBuildFile; fileRef = 573612AC22A1CDA800671B03 /* OrthogonalScrollingWindow.xib */; };
		573612D222A1CDA900671B03 /* GridWindow.xib in Resources */ = {isa = PBXBuildFile; fileRef = 573612AE22A1CDA800671B03 /* GridWindow.xib */; };
		573612D322A1CDA900671B03 /* BadgeSupplementaryView.xib in Resources */ = {isa = PBXBuildFile; fileRef = 573612B022A1CDA800671B03 /* BadgeSupplementaryView.xib */; };
		573612D422A1CDA900671B03 /* DistinctSectionsWindow.xib in Resources */ = {isa = PBXBuildFile; fileRef = 573612B222A1CDA800671B03 /* DistinctSectionsWindow.xib */; };
		573612D522A1CDA900671B03 /* ListWindow.xib in Resources */ = {isa = PBXBuildFile; fileRef = 573612B422A1CDA800671B03 /* ListWindow.xib */; };
		573612D622A1CDA900671B03 /* MainMenu.xib in Resources */ = {isa = PBXBuildFile; fileRef = 573612B622A1CDA800671B03 /* MainMenu.xib */; };
		573612D722A1CDA900671B03 /* TitleSupplementaryView.xib in Resources */ = {isa = PBXBuildFile; fileRef = 573612B822A1CDA800671B03 /* TitleSupplementaryView.xib */; };
		573612D822A1CDA900671B03 /* WiFiSettingsWindow.xib in Resources */ = {isa = PBXBuildFile; fileRef = 573612BA22A1CDA800671B03 /* WiFiSettingsWindow.xib */; };
		573612D922A1CDA900671B03 /* WiFiNetworkItem.xib in Resources */ = {isa = PBXBuildFile; fileRef = 573612BC22A1CDA800671B03 /* WiFiNetworkItem.xib */; };
		573612DA22A1CDA900671B03 /* InsetItemsGridWindow.xib in Resources */ = {isa = PBXBuildFile; fileRef = 573612BE22A1CDA800671B03 /* InsetItemsGridWindow.xib */; };
		573612DB22A1CDA900671B03 /* InsertionSortItem.xib in Resources */ = {isa = PBXBuildFile; fileRef = 573612C022A1CDA800671B03 /* InsertionSortItem.xib */; };
		573612DC22A1CDA900671B03 /* ItemBadgeSupplementaryWindow.xib in Resources */ = {isa = PBXBuildFile; fileRef = 573612C222A1CDA800671B03 /* ItemBadgeSupplementaryWindow.xib */; };
		573612DD22A1CDA900671B03 /* AdaptiveSectionsWindow.xib in Resources */ = {isa = PBXBuildFile; fileRef = 573612C422A1CDA800671B03 /* AdaptiveSectionsWindow.xib */; };
		573612DE22A1CDA900671B03 /* MountainsWindow.xib in Resources */ = {isa = PBXBuildFile; fileRef = 573612C622A1CDA800671B03 /* MountainsWindow.xib */; };
		573612DF22A1CDA900671B03 /* ListItem.xib in Resources */ = {isa = PBXBuildFile; fileRef = 573612C822A1CDA800671B03 /* ListItem.xib */; };
		573612E022A1CDA900671B03 /* SectionHeadersFootersWindow.xib in Resources */ = {isa = PBXBuildFile; fileRef = 573612CA22A1CDA800671B03 /* SectionHeadersFootersWindow.xib */; };
		573612E122A1CDA900671B03 /* TwoColumnWindow.xib in Resources */ = {isa = PBXBuildFile; fileRef = 573612CC22A1CDA900671B03 /* TwoColumnWindow.xib */; };
		5777C885229910E100AEF7BB /* MountainsRawData.swift in Sources */ = {isa = PBXBuildFile; fileRef = 5777C884229910E100AEF7BB /* MountainsRawData.swift */; };
		FD09E6D42276BC250009D23B /* SectionHeadersFootersViewController.swift in Sources */ = {isa = PBXBuildFile; fileRef = FD09E6D32276BC250009D23B /* SectionHeadersFootersViewController.swift */; };
		FD09E6D62276BF030009D23B /* PinnedSectionHeaderFooterViewController.swift in Sources */ = {isa = PBXBuildFile; fileRef = FD09E6D52276BF030009D23B /* PinnedSectionHeaderFooterViewController.swift */; };
		FD1BB0A7225F9257003ADF88 /* OutlineItemCell.swift in Sources */ = {isa = PBXBuildFile; fileRef = FD1BB0A6225F9257003ADF88 /* OutlineItemCell.swift */; };
		FD1BB0A9225FA802003ADF88 /* WiFiSettingsViewController.swift in Sources */ = {isa = PBXBuildFile; fileRef = FD1BB0A8225FA802003ADF88 /* WiFiSettingsViewController.swift */; };
		FD1BB0AB225FA81D003ADF88 /* WIFIController.swift in Sources */ = {isa = PBXBuildFile; fileRef = FD1BB0AA225FA81D003ADF88 /* WIFIController.swift */; };
		FD20C3C82268D99100935CB2 /* ConferenceVideoController.swift in Sources */ = {isa = PBXBuildFile; fileRef = FD20C3C72268D99100935CB2 /* ConferenceVideoController.swift */; };
		FD2A161C22A0B05400418F29 /* MountainsController.swift in Sources */ = {isa = PBXBuildFile; fileRef = FD2A161B22A0B05400418F29 /* MountainsController.swift */; };
		FD48D9C0227E85F8002F1D62 /* ConferenceNewsFeedViewController.swift in Sources */ = {isa = PBXBuildFile; fileRef = FD48D9BF227E85F8002F1D62 /* ConferenceNewsFeedViewController.swift */; };
		FD57974A228A2AB500801CBA /* README.md in Resources */ = {isa = PBXBuildFile; fileRef = FD579749228A2AB500801CBA /* README.md */; };
		FD6007E6227E7E0000AC371F /* ConferenceNewsController.swift in Sources */ = {isa = PBXBuildFile; fileRef = FD6007E5227E7E0000AC371F /* ConferenceNewsController.swift */; };
		FD6007E8227E81EF00AC371F /* ConferenceNewsFeedCell.swift in Sources */ = {isa = PBXBuildFile; fileRef = FD6007E7227E81EF00AC371F /* ConferenceNewsFeedCell.swift */; };
		FD65E17722761AFA00F8AF46 /* NestedGroupsViewController.swift in Sources */ = {isa = PBXBuildFile; fileRef = FD65E17622761AFA00F8AF46 /* NestedGroupsViewController.swift */; };
		FD65E1792276227B00F8AF46 /* OrthogonalScrollingViewController.swift in Sources */ = {isa = PBXBuildFile; fileRef = FD65E1782276227B00F8AF46 /* OrthogonalScrollingViewController.swift */; };
		FD65E17B22762ADB00F8AF46 /* OrthogonalScrollBehaviorViewController.swift in Sources */ = {isa = PBXBuildFile; fileRef = FD65E17A22762ADB00F8AF46 /* OrthogonalScrollBehaviorViewController.swift */; };
		FD65E1822276394000F8AF46 /* MountainsViewController.swift in Sources */ = {isa = PBXBuildFile; fileRef = FD65E1812276394000F8AF46 /* MountainsViewController.swift */; };
		FD65E18422763A4900F8AF46 /* LabelCell.swift in Sources */ = {isa = PBXBuildFile; fileRef = FD65E18322763A4900F8AF46 /* LabelCell.swift */; };
		FD65E1882276444F00F8AF46 /* ItemBadgeSupplementaryViewController.swift in Sources */ = {isa = PBXBuildFile; fileRef = FD65E1872276444F00F8AF46 /* ItemBadgeSupplementaryViewController.swift */; };
		FD65E18A227646ED00F8AF46 /* BadgeSupplementrayView.swift in Sources */ = {isa = PBXBuildFile; fileRef = FD65E189227646ED00F8AF46 /* BadgeSupplementrayView.swift */; };
		FD74C13C2287DEC400B3A8EE /* InsertionSortArray.swift in Sources */ = {isa = PBXBuildFile; fileRef = FD74C13B2287DEC400B3A8EE /* InsertionSortArray.swift */; };
		FD74C13E2287E99600B3A8EE /* InsertionSortViewController.swift in Sources */ = {isa = PBXBuildFile; fileRef = FD74C13D2287E99600B3A8EE /* InsertionSortViewController.swift */; };
		FD934DCF226FD6B70032CFFE /* InsetItemsGridViewController.swift in Sources */ = {isa = PBXBuildFile; fileRef = FD934DCE226FD6B70032CFFE /* InsetItemsGridViewController.swift */; };
		FD934DD1226FDB9A0032CFFE /* DistinctSectionsViewController.swift in Sources */ = {isa = PBXBuildFile; fileRef = FD934DD0226FDB9A0032CFFE /* DistinctSectionsViewController.swift */; };
		FD934DD3226FE0F70032CFFE /* AdaptiveSectionsViewController.swift in Sources */ = {isa = PBXBuildFile; fileRef = FD934DD2226FE0F70032CFFE /* AdaptiveSectionsViewController.swift */; };
		FD9671C22268EF6900301EBB /* ConferenceVideoSessionsViewController.swift in Sources */ = {isa = PBXBuildFile; fileRef = FD20C3CD2268DA5100935CB2 /* ConferenceVideoSessionsViewController.swift */; };
		FD9671C42268F07400301EBB /* TextCell.swift in Sources */ = {isa = PBXBuildFile; fileRef = FD9671C32268F07400301EBB /* TextCell.swift */; };
		FD9DA0782270F09100D6168E /* TwoColumnViewController.swift in Sources */ = {isa = PBXBuildFile; fileRef = FD9DA0772270F09100D6168E /* TwoColumnViewController.swift */; };
		FD9DA09E2271289500D6168E /* ListCell.swift in Sources */ = {isa = PBXBuildFile; fileRef = FD9DA09D2271289500D6168E /* ListCell.swift */; };
		FDA8D13B225F8531000127E1 /* AppDelegate.swift in Sources */ = {isa = PBXBuildFile; fileRef = FDA8D13A225F8531000127E1 /* AppDelegate.swift */; };
		FDA8D13D225F8531000127E1 /* OutlineViewController.swift in Sources */ = {isa = PBXBuildFile; fileRef = FDA8D13C225F8531000127E1 /* OutlineViewController.swift */; };
		FDA8D140225F8531000127E1 /* Main.storyboard in Resources */ = {isa = PBXBuildFile; fileRef = FDA8D13E225F8531000127E1 /* Main.storyboard */; };
		FDA8D142225F8533000127E1 /* Assets.xcassets in Resources */ = {isa = PBXBuildFile; fileRef = FDA8D141225F8533000127E1 /* Assets.xcassets */; };
		FDA8D145225F8533000127E1 /* LaunchScreen.storyboard in Resources */ = {isa = PBXBuildFile; fileRef = FDA8D143225F8533000127E1 /* LaunchScreen.storyboard */; };
		FDCE36522268FDB800F3035B /* TitleSupplementaryView.swift in Sources */ = {isa = PBXBuildFile; fileRef = FDCE36512268FDB800F3035B /* TitleSupplementaryView.swift */; };
		FDCE3654226901C000F3035B /* ConferenceVideoCell.swift in Sources */ = {isa = PBXBuildFile; fileRef = FDCE3653226901C000F3035B /* ConferenceVideoCell.swift */; };
		FDCFA2972286987600D658EB /* SectionDecorationViewController.swift in Sources */ = {isa = PBXBuildFile; fileRef = FDCFA2962286987600D658EB /* SectionDecorationViewController.swift */; };
		FDCFA2992286995D00D658EB /* SectionBackgroundDecorationView.swift in Sources */ = {isa = PBXBuildFile; fileRef = FDCFA2982286995D00D658EB /* SectionBackgroundDecorationView.swift */; };
		FDD8A181226FB1B300CA5179 /* GridViewController.swift in Sources */ = {isa = PBXBuildFile; fileRef = FDD8A180226FB1B300CA5179 /* GridViewController.swift */; };
		FDD8A183226FB67000CA5179 /* ListViewController.swift in Sources */ = {isa = PBXBuildFile; fileRef = FDD8A182226FB67000CA5179 /* ListViewController.swift */; };
/* End PBXBuildFile section */

/* Begin PBXFileReference section */
		053A00A722837E6E00C5D56F /* Conference-Mac-Diffable.app */ = {isa = PBXFileReference; explicitFileType = wrapper.application; includeInIndex = 0; path = "Conference-Mac-Diffable.app"; sourceTree = BUILT_PRODUCTS_DIR; };
		053A00A922837E6E00C5D56F /* AppDelegate.swift */ = {isa = PBXFileReference; lastKnownFileType = sourcecode.swift; path = AppDelegate.swift; sourceTree = "<group>"; };
		053A00AB22837E6F00C5D56F /* Assets.xcassets */ = {isa = PBXFileReference; lastKnownFileType = folder.assetcatalog; path = Assets.xcassets; sourceTree = "<group>"; };
		053A00B022837E6F00C5D56F /* Info.plist */ = {isa = PBXFileReference; lastKnownFileType = text.plist.xml; path = Info.plist; sourceTree = "<group>"; };
		053A00B122837E6F00C5D56F /* Conference_Mac_Diffable.entitlements */ = {isa = PBXFileReference; lastKnownFileType = text.plist.entitlements; path = Conference_Mac_Diffable.entitlements; sourceTree = "<group>"; };
		053A00B922837ED000C5D56F /* NestedGroupsWindowController.swift */ = {isa = PBXFileReference; fileEncoding = 4; lastKnownFileType = sourcecode.swift; path = NestedGroupsWindowController.swift; sourceTree = "<group>"; };
		053A00BA22837ED000C5D56F /* OrthogonalScrollingWindowController.swift */ = {isa = PBXFileReference; fileEncoding = 4; lastKnownFileType = sourcecode.swift; path = OrthogonalScrollingWindowController.swift; sourceTree = "<group>"; };
		053A00BE22837ED000C5D56F /* AdaptiveSectionsWindowController.swift */ = {isa = PBXFileReference; fileEncoding = 4; lastKnownFileType = sourcecode.swift; path = AdaptiveSectionsWindowController.swift; sourceTree = "<group>"; };
		053A00BF22837ED000C5D56F /* DistinctSectionsWindowController.swift */ = {isa = PBXFileReference; fileEncoding = 4; lastKnownFileType = sourcecode.swift; path = DistinctSectionsWindowController.swift; sourceTree = "<group>"; };
		053A00C022837ED000C5D56F /* GridWindowController.swift */ = {isa = PBXFileReference; fileEncoding = 4; lastKnownFileType = sourcecode.swift; path = GridWindowController.swift; sourceTree = "<group>"; };
		053A00C122837ED000C5D56F /* InsetItemsGridWindowController.swift */ = {isa = PBXFileReference; fileEncoding = 4; lastKnownFileType = sourcecode.swift; path = InsetItemsGridWindowController.swift; sourceTree = "<group>"; };
		053A00C222837ED000C5D56F /* ItemBadgeSupplementaryWindowController.swift */ = {isa = PBXFileReference; fileEncoding = 4; lastKnownFileType = sourcecode.swift; path = ItemBadgeSupplementaryWindowController.swift; sourceTree = "<group>"; };
		053A00C322837ED000C5D56F /* ListWindowController.swift */ = {isa = PBXFileReference; fileEncoding = 4; lastKnownFileType = sourcecode.swift; path = ListWindowController.swift; sourceTree = "<group>"; };
		053A00C422837ED000C5D56F /* SectionHeadersFootersWindowController.swift */ = {isa = PBXFileReference; fileEncoding = 4; lastKnownFileType = sourcecode.swift; path = SectionHeadersFootersWindowController.swift; sourceTree = "<group>"; };
		053A00C522837ED000C5D56F /* TwoColumnWindowController.swift */ = {isa = PBXFileReference; fileEncoding = 4; lastKnownFileType = sourcecode.swift; path = TwoColumnWindowController.swift; sourceTree = "<group>"; };
		053A00C722837ED000C5D56F /* ListItem.swift */ = {isa = PBXFileReference; fileEncoding = 4; lastKnownFileType = sourcecode.swift; path = ListItem.swift; sourceTree = "<group>"; };
		053A00C822837ED000C5D56F /* TextItem.swift */ = {isa = PBXFileReference; fileEncoding = 4; lastKnownFileType = sourcecode.swift; path = TextItem.swift; sourceTree = "<group>"; };
		053A00C922837ED000C5D56F /* TitleSupplementaryView.swift */ = {isa = PBXFileReference; fileEncoding = 4; lastKnownFileType = sourcecode.swift; path = TitleSupplementaryView.swift; sourceTree = "<group>"; };
		053A00DC22837EDE00C5D56F /* MountainsWindowController.swift */ = {isa = PBXFileReference; fileEncoding = 4; lastKnownFileType = sourcecode.swift; path = MountainsWindowController.swift; sourceTree = "<group>"; };
		053A00DD22837EDE00C5D56F /* WiFiNetworkItem.swift */ = {isa = PBXFileReference; fileEncoding = 4; lastKnownFileType = sourcecode.swift; path = WiFiNetworkItem.swift; sourceTree = "<group>"; };
		053A00DE22837EDE00C5D56F /* WiFiSettingsWindowController.swift */ = {isa = PBXFileReference; fileEncoding = 4; lastKnownFileType = sourcecode.swift; path = WiFiSettingsWindowController.swift; sourceTree = "<group>"; };
		0586E2652297999700594D93 /* InsertionSortWindowController.swift */ = {isa = PBXFileReference; fileEncoding = 4; lastKnownFileType = sourcecode.swift; path = InsertionSortWindowController.swift; sourceTree = "<group>"; };
		0586E26B22979E5400594D93 /* InsertionSortItem.swift */ = {isa = PBXFileReference; lastKnownFileType = sourcecode.swift; path = InsertionSortItem.swift; sourceTree = "<group>"; };
		0586E2702297A0AC00594D93 /* InsertionSortArray.swift */ = {isa = PBXFileReference; fileEncoding = 4; lastKnownFileType = sourcecode.swift; path = InsertionSortArray.swift; sourceTree = "<group>"; };
		05B367FC22A0D8E100D7A9E0 /* MountainsRawData.swift */ = {isa = PBXFileReference; fileEncoding = 4; lastKnownFileType = sourcecode.swift; path = MountainsRawData.swift; sourceTree = "<group>"; };
		05B367FD22A0D8E800D7A9E0 /* MountainsController.swift */ = {isa = PBXFileReference; fileEncoding = 4; lastKnownFileType = sourcecode.swift; path = MountainsController.swift; sourceTree = "<group>"; };
		573612A722A1CDA800671B03 /* Base */ = {isa = PBXFileReference; lastKnownFileType = file.xib; name = Base; path = "Conference-Mac-Diffable/Base.lproj/TextItem.xib"; sourceTree = SOURCE_ROOT; };
		573612A922A1CDA800671B03 /* Base */ = {isa = PBXFileReference; lastKnownFileType = file.xib; name = Base; path = "Conference-Mac-Diffable/Base.lproj/InsertionSortWindow.xib"; sourceTree = SOURCE_ROOT; };
		573612AB22A1CDA800671B03 /* Base */ = {isa = PBXFileReference; lastKnownFileType = file.xib; name = Base; path = "Conference-Mac-Diffable/Base.lproj/NestedGroupsWindow.xib"; sourceTree = SOURCE_ROOT; };
		573612AD22A1CDA800671B03 /* Base */ = {isa = PBXFileReference; lastKnownFileType = file.xib; name = Base; path = "Conference-Mac-Diffable/Base.lproj/OrthogonalScrollingWindow.xib"; sourceTree = SOURCE_ROOT; };
		573612AF22A1CDA800671B03 /* Base */ = {isa = PBXFileReference; lastKnownFileType = file.xib; name = Base; path = "Conference-Mac-Diffable/Base.lproj/GridWindow.xib"; sourceTree = SOURCE_ROOT; };
		573612B122A1CDA800671B03 /* Base */ = {isa = PBXFileReference; lastKnownFileType = file.xib; name = Base; path = "Conference-Mac-Diffable/Base.lproj/BadgeSupplementaryView.xib"; sourceTree = SOURCE_ROOT; };
		573612B322A1CDA800671B03 /* Base */ = {isa = PBXFileReference; lastKnownFileType = file.xib; name = Base; path = "Conference-Mac-Diffable/Base.lproj/DistinctSectionsWindow.xib"; sourceTree = SOURCE_ROOT; };
		573612B522A1CDA800671B03 /* Base */ = {isa = PBXFileReference; lastKnownFileType = file.xib; name = Base; path = "Conference-Mac-Diffable/Base.lproj/ListWindow.xib"; sourceTree = SOURCE_ROOT; };
		573612B722A1CDA800671B03 /* Base */ = {isa = PBXFileReference; lastKnownFileType = file.xib; name = Base; path = "Conference-Mac-Diffable/Base.lproj/MainMenu.xib"; sourceTree = SOURCE_ROOT; };
		573612B922A1CDA800671B03 /* Base */ = {isa = PBXFileReference; lastKnownFileType = file.xib; name = Base; path = "Conference-Mac-Diffable/Base.lproj/TitleSupplementaryView.xib"; sourceTree = SOURCE_ROOT; };
		573612BB22A1CDA800671B03 /* Base */ = {isa = PBXFileReference; lastKnownFileType = file.xib; name = Base; path = "Conference-Mac-Diffable/Base.lproj/WiFiSettingsWindow.xib"; sourceTree = SOURCE_ROOT; };
		573612BD22A1CDA800671B03 /* Base */ = {isa = PBXFileReference; lastKnownFileType = file.xib; name = Base; path = "Conference-Mac-Diffable/Base.lproj/WiFiNetworkItem.xib"; sourceTree = SOURCE_ROOT; };
		573612BF22A1CDA800671B03 /* Base */ = {isa = PBXFileReference; lastKnownFileType = file.xib; name = Base; path = "Conference-Mac-Diffable/Base.lproj/InsetItemsGridWindow.xib"; sourceTree = SOURCE_ROOT; };
		573612C122A1CDA800671B03 /* Base */ = {isa = PBXFileReference; lastKnownFileType = file.xib; name = Base; path = "Conference-Mac-Diffable/Base.lproj/InsertionSortItem.xib"; sourceTree = SOURCE_ROOT; };
		573612C322A1CDA800671B03 /* Base */ = {isa = PBXFileReference; lastKnownFileType = file.xib; name = Base; path = "Conference-Mac-Diffable/Base.lproj/ItemBadgeSupplementaryWindow.xib"; sourceTree = SOURCE_ROOT; };
		573612C522A1CDA800671B03 /* Base */ = {isa = PBXFileReference; lastKnownFileType = file.xib; name = Base; path = "Conference-Mac-Diffable/Base.lproj/AdaptiveSectionsWindow.xib"; sourceTree = SOURCE_ROOT; };
		573612C722A1CDA800671B03 /* Base */ = {isa = PBXFileReference; lastKnownFileType = file.xib; name = Base; path = "Conference-Mac-Diffable/Base.lproj/MountainsWindow.xib"; sourceTree = SOURCE_ROOT; };
		573612C922A1CDA800671B03 /* Base */ = {isa = PBXFileReference; lastKnownFileType = file.xib; name = Base; path = "Conference-Mac-Diffable/Base.lproj/ListItem.xib"; sourceTree = SOURCE_ROOT; };
		573612CB22A1CDA800671B03 /* Base */ = {isa = PBXFileReference; lastKnownFileType = file.xib; name = Base; path = "Conference-Mac-Diffable/Base.lproj/SectionHeadersFootersWindow.xib"; sourceTree = SOURCE_ROOT; };
		573612CD22A1CDA900671B03 /* Base */ = {isa = PBXFileReference; lastKnownFileType = file.xib; name = Base; path = "Conference-Mac-Diffable/Base.lproj/TwoColumnWindow.xib"; sourceTree = SOURCE_ROOT; };
		5777C884229910E100AEF7BB /* MountainsRawData.swift */ = {isa = PBXFileReference; lastKnownFileType = sourcecode.swift; path = MountainsRawData.swift; sourceTree = "<group>"; };
		DBD17F70DBD3070000000001 /* SampleCode.xcconfig */ = {isa = PBXFileReference; name = SampleCode.xcconfig; path = Configuration/SampleCode.xcconfig; sourceTree = "<group>"; };
		DBD9EC60DBD9EAB000000001 /* LICENSE.txt */ = {isa = PBXFileReference; includeInIndex = 1; path = LICENSE.txt; sourceTree = "<group>"; };
		FD09E6D32276BC250009D23B /* SectionHeadersFootersViewController.swift */ = {isa = PBXFileReference; lastKnownFileType = sourcecode.swift; path = SectionHeadersFootersViewController.swift; sourceTree = "<group>"; };
		FD09E6D52276BF030009D23B /* PinnedSectionHeaderFooterViewController.swift */ = {isa = PBXFileReference; lastKnownFileType = sourcecode.swift; path = PinnedSectionHeaderFooterViewController.swift; sourceTree = "<group>"; };
		FD1BB0A6225F9257003ADF88 /* OutlineItemCell.swift */ = {isa = PBXFileReference; lastKnownFileType = sourcecode.swift; path = OutlineItemCell.swift; sourceTree = "<group>"; };
		FD1BB0A8225FA802003ADF88 /* WiFiSettingsViewController.swift */ = {isa = PBXFileReference; lastKnownFileType = sourcecode.swift; path = WiFiSettingsViewController.swift; sourceTree = "<group>"; };
		FD1BB0AA225FA81D003ADF88 /* WIFIController.swift */ = {isa = PBXFileReference; lastKnownFileType = sourcecode.swift; path = WIFIController.swift; sourceTree = "<group>"; };
		FD20C3C72268D99100935CB2 /* ConferenceVideoController.swift */ = {isa = PBXFileReference; lastKnownFileType = sourcecode.swift; path = ConferenceVideoController.swift; sourceTree = "<group>"; };
		FD20C3CD2268DA5100935CB2 /* ConferenceVideoSessionsViewController.swift */ = {isa = PBXFileReference; lastKnownFileType = sourcecode.swift; path = ConferenceVideoSessionsViewController.swift; sourceTree = "<group>"; };
		FD2A161B22A0B05400418F29 /* MountainsController.swift */ = {isa = PBXFileReference; lastKnownFileType = sourcecode.swift; path = MountainsController.swift; sourceTree = "<group>"; };
		FD48D9BF227E85F8002F1D62 /* ConferenceNewsFeedViewController.swift */ = {isa = PBXFileReference; lastKnownFileType = sourcecode.swift; path = ConferenceNewsFeedViewController.swift; sourceTree = "<group>"; };
		FD5793E8227258D100E7FA62 /* UIKit.framework */ = {isa = PBXFileReference; explicitFileType = wrapper.framework; path = UIKit.framework; sourceTree = BUILT_PRODUCTS_DIR; };
		FD579749228A2AB500801CBA /* README.md */ = {isa = PBXFileReference; fileEncoding = 4; lastKnownFileType = net.daringfireball.markdown; path = README.md; sourceTree = "<group>"; };
		FD6007E5227E7E0000AC371F /* ConferenceNewsController.swift */ = {isa = PBXFileReference; lastKnownFileType = sourcecode.swift; path = ConferenceNewsController.swift; sourceTree = "<group>"; };
		FD6007E7227E81EF00AC371F /* ConferenceNewsFeedCell.swift */ = {isa = PBXFileReference; lastKnownFileType = sourcecode.swift; path = ConferenceNewsFeedCell.swift; sourceTree = "<group>"; };
		FD65E17622761AFA00F8AF46 /* NestedGroupsViewController.swift */ = {isa = PBXFileReference; lastKnownFileType = sourcecode.swift; path = NestedGroupsViewController.swift; sourceTree = "<group>"; };
		FD65E1782276227B00F8AF46 /* OrthogonalScrollingViewController.swift */ = {isa = PBXFileReference; lastKnownFileType = sourcecode.swift; path = OrthogonalScrollingViewController.swift; sourceTree = "<group>"; };
		FD65E17A22762ADB00F8AF46 /* OrthogonalScrollBehaviorViewController.swift */ = {isa = PBXFileReference; lastKnownFileType = sourcecode.swift; path = OrthogonalScrollBehaviorViewController.swift; sourceTree = "<group>"; };
		FD65E1812276394000F8AF46 /* MountainsViewController.swift */ = {isa = PBXFileReference; fileEncoding = 4; lastKnownFileType = sourcecode.swift; path = MountainsViewController.swift; sourceTree = "<group>"; };
		FD65E18322763A4900F8AF46 /* LabelCell.swift */ = {isa = PBXFileReference; lastKnownFileType = sourcecode.swift; path = LabelCell.swift; sourceTree = "<group>"; };
		FD65E1872276444F00F8AF46 /* ItemBadgeSupplementaryViewController.swift */ = {isa = PBXFileReference; lastKnownFileType = sourcecode.swift; path = ItemBadgeSupplementaryViewController.swift; sourceTree = "<group>"; };
		FD65E189227646ED00F8AF46 /* BadgeSupplementrayView.swift */ = {isa = PBXFileReference; lastKnownFileType = sourcecode.swift; path = BadgeSupplementrayView.swift; sourceTree = "<group>"; };
		FD74C13B2287DEC400B3A8EE /* InsertionSortArray.swift */ = {isa = PBXFileReference; lastKnownFileType = sourcecode.swift; path = InsertionSortArray.swift; sourceTree = "<group>"; };
		FD74C13D2287E99600B3A8EE /* InsertionSortViewController.swift */ = {isa = PBXFileReference; lastKnownFileType = sourcecode.swift; path = InsertionSortViewController.swift; sourceTree = "<group>"; };
		FD934DCE226FD6B70032CFFE /* InsetItemsGridViewController.swift */ = {isa = PBXFileReference; lastKnownFileType = sourcecode.swift; path = InsetItemsGridViewController.swift; sourceTree = "<group>"; };
		FD934DD0226FDB9A0032CFFE /* DistinctSectionsViewController.swift */ = {isa = PBXFileReference; lastKnownFileType = sourcecode.swift; path = DistinctSectionsViewController.swift; sourceTree = "<group>"; };
		FD934DD2226FE0F70032CFFE /* AdaptiveSectionsViewController.swift */ = {isa = PBXFileReference; lastKnownFileType = sourcecode.swift; path = AdaptiveSectionsViewController.swift; sourceTree = "<group>"; };
		FD9671C32268F07400301EBB /* TextCell.swift */ = {isa = PBXFileReference; lastKnownFileType = sourcecode.swift; path = TextCell.swift; sourceTree = "<group>"; };
		FD9671C62268F1FC00301EBB /* UIKit.framework */ = {isa = PBXFileReference; explicitFileType = wrapper.framework; path = UIKit.framework; sourceTree = BUILT_PRODUCTS_DIR; };
		FD9DA0772270F09100D6168E /* TwoColumnViewController.swift */ = {isa = PBXFileReference; lastKnownFileType = sourcecode.swift; path = TwoColumnViewController.swift; sourceTree = "<group>"; };
		FD9DA09D2271289500D6168E /* ListCell.swift */ = {isa = PBXFileReference; lastKnownFileType = sourcecode.swift; path = ListCell.swift; sourceTree = "<group>"; };
		FDA8D137225F8531000127E1 /* Conference-Diffable.app */ = {isa = PBXFileReference; explicitFileType = wrapper.application; includeInIndex = 0; path = "Conference-Diffable.app"; sourceTree = BUILT_PRODUCTS_DIR; };
		FDA8D13A225F8531000127E1 /* AppDelegate.swift */ = {isa = PBXFileReference; lastKnownFileType = sourcecode.swift; path = AppDelegate.swift; sourceTree = "<group>"; };
		FDA8D13C225F8531000127E1 /* OutlineViewController.swift */ = {isa = PBXFileReference; lastKnownFileType = sourcecode.swift; path = OutlineViewController.swift; sourceTree = "<group>"; };
		FDA8D13F225F8531000127E1 /* Base */ = {isa = PBXFileReference; lastKnownFileType = file.storyboard; name = Base; path = Base.lproj/Main.storyboard; sourceTree = "<group>"; };
		FDA8D141225F8533000127E1 /* Assets.xcassets */ = {isa = PBXFileReference; lastKnownFileType = folder.assetcatalog; path = Assets.xcassets; sourceTree = "<group>"; };
		FDA8D144225F8533000127E1 /* Base */ = {isa = PBXFileReference; lastKnownFileType = file.storyboard; name = Base; path = Base.lproj/LaunchScreen.storyboard; sourceTree = "<group>"; };
		FDA8D146225F8533000127E1 /* Info.plist */ = {isa = PBXFileReference; lastKnownFileType = text.plist.xml; path = Info.plist; sourceTree = "<group>"; };
		FDCE36512268FDB800F3035B /* TitleSupplementaryView.swift */ = {isa = PBXFileReference; lastKnownFileType = sourcecode.swift; path = TitleSupplementaryView.swift; sourceTree = "<group>"; };
		FDCE3653226901C000F3035B /* ConferenceVideoCell.swift */ = {isa = PBXFileReference; lastKnownFileType = sourcecode.swift; path = ConferenceVideoCell.swift; sourceTree = "<group>"; };
		FDCFA2962286987600D658EB /* SectionDecorationViewController.swift */ = {isa = PBXFileReference; lastKnownFileType = sourcecode.swift; path = SectionDecorationViewController.swift; sourceTree = "<group>"; };
		FDCFA2982286995D00D658EB /* SectionBackgroundDecorationView.swift */ = {isa = PBXFileReference; lastKnownFileType = sourcecode.swift; path = SectionBackgroundDecorationView.swift; sourceTree = "<group>"; };
		FDD8A180226FB1B300CA5179 /* GridViewController.swift */ = {isa = PBXFileReference; lastKnownFileType = sourcecode.swift; path = GridViewController.swift; sourceTree = "<group>"; };
		FDD8A182226FB67000CA5179 /* ListViewController.swift */ = {isa = PBXFileReference; lastKnownFileType = sourcecode.swift; path = ListViewController.swift; sourceTree = "<group>"; };
/* End PBXFileReference section */

/* Begin PBXFrameworksBuildPhase section */
		053A00A422837E6E00C5D56F /* Frameworks */ = {
			isa = PBXFrameworksBuildPhase;
			buildActionMask = 2147483647;
			files = (
			);
			runOnlyForDeploymentPostprocessing = 0;
		};
		FDA8D134225F8531000127E1 /* Frameworks */ = {
			isa = PBXFrameworksBuildPhase;
			buildActionMask = 2147483647;
			files = (
			);
			runOnlyForDeploymentPostprocessing = 0;
		};
/* End PBXFrameworksBuildPhase section */

/* Begin PBXGroup section */
		053A00A822837E6E00C5D56F /* Conference-Mac-Diffable */ = {
			isa = PBXGroup;
			children = (
				573612A522A1CD9B00671B03 /* xib Files */,
				053A00B722837ED000C5D56F /* Compositional Layout */,
				053A00DA22837EDE00C5D56F /* Diffable */,
				053A00A922837E6E00C5D56F /* AppDelegate.swift */,
				053A00AB22837E6F00C5D56F /* Assets.xcassets */,
				053A00B022837E6F00C5D56F /* Info.plist */,
				053A00B122837E6F00C5D56F /* Conference_Mac_Diffable.entitlements */,
			);
			path = "Conference-Mac-Diffable";
			sourceTree = "<group>";
		};
		053A00B722837ED000C5D56F /* Compositional Layout */ = {
			isa = PBXGroup;
			children = (
				053A00BD22837ED000C5D56F /* Basics Window Controllers */,
				053A00B822837ED000C5D56F /* Advanced Layouts Window Controllers */,
				053A00C622837ED000C5D56F /* Items and Supplementary Views */,
			);
			path = "Compositional Layout";
			sourceTree = "<group>";
		};
		053A00B822837ED000C5D56F /* Advanced Layouts Window Controllers */ = {
			isa = PBXGroup;
			children = (
				053A00B922837ED000C5D56F /* NestedGroupsWindowController.swift */,
				053A00BA22837ED000C5D56F /* OrthogonalScrollingWindowController.swift */,
			);
			path = "Advanced Layouts Window Controllers";
			sourceTree = "<group>";
		};
		053A00BD22837ED000C5D56F /* Basics Window Controllers */ = {
			isa = PBXGroup;
			children = (
				053A00C322837ED000C5D56F /* ListWindowController.swift */,
				053A00C022837ED000C5D56F /* GridWindowController.swift */,
				053A00C122837ED000C5D56F /* InsetItemsGridWindowController.swift */,
				053A00C522837ED000C5D56F /* TwoColumnWindowController.swift */,
				053A00BF22837ED000C5D56F /* DistinctSectionsWindowController.swift */,
				053A00BE22837ED000C5D56F /* AdaptiveSectionsWindowController.swift */,
				053A00C222837ED000C5D56F /* ItemBadgeSupplementaryWindowController.swift */,
				053A00C422837ED000C5D56F /* SectionHeadersFootersWindowController.swift */,
			);
			path = "Basics Window Controllers";
			sourceTree = "<group>";
		};
		053A00C622837ED000C5D56F /* Items and Supplementary Views */ = {
			isa = PBXGroup;
			children = (
				053A00C722837ED000C5D56F /* ListItem.swift */,
				053A00C822837ED000C5D56F /* TextItem.swift */,
				053A00C922837ED000C5D56F /* TitleSupplementaryView.swift */,
			);
			path = "Items and Supplementary Views";
			sourceTree = "<group>";
		};
		053A00DA22837EDE00C5D56F /* Diffable */ = {
			isa = PBXGroup;
			children = (
				05B367FD22A0D8E800D7A9E0 /* MountainsController.swift */,
				05B367FC22A0D8E100D7A9E0 /* MountainsRawData.swift */,
				053A00DC22837EDE00C5D56F /* MountainsWindowController.swift */,
				0586E2702297A0AC00594D93 /* InsertionSortArray.swift */,
				0586E2652297999700594D93 /* InsertionSortWindowController.swift */,
				0586E26B22979E5400594D93 /* InsertionSortItem.swift */,
				053A00DD22837EDE00C5D56F /* WiFiNetworkItem.swift */,
				053A00DE22837EDE00C5D56F /* WiFiSettingsWindowController.swift */,
			);
			path = Diffable;
			sourceTree = "<group>";
		};
		573612A522A1CD9B00671B03 /* xib Files */ = {
			isa = PBXGroup;
			children = (
				573612C422A1CDA800671B03 /* AdaptiveSectionsWindow.xib */,
				573612B022A1CDA800671B03 /* BadgeSupplementaryView.xib */,
				573612B222A1CDA800671B03 /* DistinctSectionsWindow.xib */,
				573612AE22A1CDA800671B03 /* GridWindow.xib */,
				573612C022A1CDA800671B03 /* InsertionSortItem.xib */,
				573612A822A1CDA800671B03 /* InsertionSortWindow.xib */,
				573612BE22A1CDA800671B03 /* InsetItemsGridWindow.xib */,
				573612C222A1CDA800671B03 /* ItemBadgeSupplementaryWindow.xib */,
				573612C822A1CDA800671B03 /* ListItem.xib */,
				573612B422A1CDA800671B03 /* ListWindow.xib */,
				573612B622A1CDA800671B03 /* MainMenu.xib */,
				573612C622A1CDA800671B03 /* MountainsWindow.xib */,
				573612AA22A1CDA800671B03 /* NestedGroupsWindow.xib */,
				573612AC22A1CDA800671B03 /* OrthogonalScrollingWindow.xib */,
				573612CA22A1CDA800671B03 /* SectionHeadersFootersWindow.xib */,
				573612A622A1CDA800671B03 /* TextItem.xib */,
				573612B822A1CDA800671B03 /* TitleSupplementaryView.xib */,
				573612CC22A1CDA900671B03 /* TwoColumnWindow.xib */,
				573612BC22A1CDA800671B03 /* WiFiNetworkItem.xib */,
				573612BA22A1CDA800671B03 /* WiFiSettingsWindow.xib */,
			);
			path = "xib Files";
			sourceTree = "<group>";
		};
		DBD18690DBD1865000000001 /* Configuration */ = {
			isa = PBXGroup;
			children = (
				DBD17F70DBD3070000000001 /* SampleCode.xcconfig */,
			);
			name = Configuration;
			sourceTree = "<group>";
		};
		DBD9A350DBD9C0F000000001 /* LICENSE */ = {
			isa = PBXGroup;
			children = (
				DBD9EC60DBD9EAB000000001 /* LICENSE.txt */,
			);
			name = LICENSE;
			path = LICENSE;
			sourceTree = "<group>";
		};
		FD20C3CE2268DA5200935CB2 /* Controllers */ = {
			isa = PBXGroup;
			children = (
				FD20C3C72268D99100935CB2 /* ConferenceVideoController.swift */,
				FD6007E5227E7E0000AC371F /* ConferenceNewsController.swift */,
			);
			path = Controllers;
			sourceTree = "<group>";
		};
		FD65E17C227636F000F8AF46 /* Diffable */ = {
			isa = PBXGroup;
			children = (
				FD65E180227637C300F8AF46 /* Cells And Supplementary Views */,
				FD65E1812276394000F8AF46 /* MountainsViewController.swift */,
				FD74C13D2287E99600B3A8EE /* InsertionSortViewController.swift */,
				FD1BB0AA225FA81D003ADF88 /* WIFIController.swift */,
				FD2A161B22A0B05400418F29 /* MountainsController.swift */,
				5777C884229910E100AEF7BB /* MountainsRawData.swift */,
				FD1BB0A8225FA802003ADF88 /* WiFiSettingsViewController.swift */,
			);
			path = Diffable;
			sourceTree = "<group>";
		};
		FD65E17D227636F600F8AF46 /* Compositional Layout */ = {
			isa = PBXGroup;
			children = (
				FD20C3CE2268DA5200935CB2 /* Controllers */,
				FD9DA09922711B2500D6168E /* Basics View Controllers */,
				FD9DA09C22711BA300D6168E /* Advanced Layouts View Controllers */,
				FD9DA09B22711B8200D6168E /* App Samples View Controllers */,
				FD9DA09A22711B4B00D6168E /* Cells and Supplementary Views */,
			);
			path = "Compositional Layout";
			sourceTree = "<group>";
		};
		FD65E180227637C300F8AF46 /* Cells And Supplementary Views */ = {
			isa = PBXGroup;
			children = (
				FD65E18322763A4900F8AF46 /* LabelCell.swift */,
			);
			path = "Cells And Supplementary Views";
			sourceTree = "<group>";
		};
		FD9671C52268F1FC00301EBB /* Frameworks */ = {
			isa = PBXGroup;
			children = (
				FD5793E8227258D100E7FA62 /* UIKit.framework */,
				FD9671C62268F1FC00301EBB /* UIKit.framework */,
			);
			name = Frameworks;
			sourceTree = "<group>";
		};
		FD9DA09922711B2500D6168E /* Basics View Controllers */ = {
			isa = PBXGroup;
			children = (
				FDD8A182226FB67000CA5179 /* ListViewController.swift */,
				FDD8A180226FB1B300CA5179 /* GridViewController.swift */,
				FD9DA0772270F09100D6168E /* TwoColumnViewController.swift */,
				FD934DCE226FD6B70032CFFE /* InsetItemsGridViewController.swift */,
				FD934DD0226FDB9A0032CFFE /* DistinctSectionsViewController.swift */,
				FD934DD2226FE0F70032CFFE /* AdaptiveSectionsViewController.swift */,
				FD65E1872276444F00F8AF46 /* ItemBadgeSupplementaryViewController.swift */,
				FD09E6D32276BC250009D23B /* SectionHeadersFootersViewController.swift */,
				FD09E6D52276BF030009D23B /* PinnedSectionHeaderFooterViewController.swift */,
				FDCFA2962286987600D658EB /* SectionDecorationViewController.swift */,
			);
			path = "Basics View Controllers";
			sourceTree = "<group>";
		};
		FD9DA09A22711B4B00D6168E /* Cells and Supplementary Views */ = {
			isa = PBXGroup;
			children = (
				FD9DA09D2271289500D6168E /* ListCell.swift */,
				FDCE3653226901C000F3035B /* ConferenceVideoCell.swift */,
				FD6007E7227E81EF00AC371F /* ConferenceNewsFeedCell.swift */,
				FDCE36512268FDB800F3035B /* TitleSupplementaryView.swift */,
				FD9671C32268F07400301EBB /* TextCell.swift */,
				FD65E189227646ED00F8AF46 /* BadgeSupplementrayView.swift */,
				FDCFA2982286995D00D658EB /* SectionBackgroundDecorationView.swift */,
			);
			path = "Cells and Supplementary Views";
			sourceTree = "<group>";
		};
		FD9DA09B22711B8200D6168E /* App Samples View Controllers */ = {
			isa = PBXGroup;
			children = (
				FD20C3CD2268DA5100935CB2 /* ConferenceVideoSessionsViewController.swift */,
				FD48D9BF227E85F8002F1D62 /* ConferenceNewsFeedViewController.swift */,
			);
			path = "App Samples View Controllers";
			sourceTree = "<group>";
		};
		FD9DA09C22711BA300D6168E /* Advanced Layouts View Controllers */ = {
			isa = PBXGroup;
			children = (
				FD65E17622761AFA00F8AF46 /* NestedGroupsViewController.swift */,
				FD65E1782276227B00F8AF46 /* OrthogonalScrollingViewController.swift */,
				FD65E17A22762ADB00F8AF46 /* OrthogonalScrollBehaviorViewController.swift */,
			);
			path = "Advanced Layouts View Controllers";
			sourceTree = "<group>";
		};
		FDA8D12E225F8531000127E1 = {
			isa = PBXGroup;
			children = (
				FD579749228A2AB500801CBA /* README.md */,
				FDA8D139225F8531000127E1 /* Conference-Diffable */,
				053A00A822837E6E00C5D56F /* Conference-Mac-Diffable */,
				FDA8D138225F8531000127E1 /* Products */,
				FD9671C52268F1FC00301EBB /* Frameworks */,
				DBD18690DBD1865000000001 /* Configuration */,
				DBD9A350DBD9C0F000000001 /* LICENSE */,
			);
			sourceTree = "<group>";
		};
		FDA8D138225F8531000127E1 /* Products */ = {
			isa = PBXGroup;
			children = (
				FDA8D137225F8531000127E1 /* Conference-Diffable.app */,
				053A00A722837E6E00C5D56F /* Conference-Mac-Diffable.app */,
			);
			name = Products;
			sourceTree = "<group>";
		};
		FDA8D139225F8531000127E1 /* Conference-Diffable */ = {
			isa = PBXGroup;
			children = (
				FD65E17D227636F600F8AF46 /* Compositional Layout */,
				FD65E17C227636F000F8AF46 /* Diffable */,
				FDA8D13C225F8531000127E1 /* OutlineViewController.swift */,
				FD1BB0A6225F9257003ADF88 /* OutlineItemCell.swift */,
				FDA8D13E225F8531000127E1 /* Main.storyboard */,
				FDA8D141225F8533000127E1 /* Assets.xcassets */,
				FDA8D143225F8533000127E1 /* LaunchScreen.storyboard */,
				FDA8D146225F8533000127E1 /* Info.plist */,
				FDA8D13A225F8531000127E1 /* AppDelegate.swift */,
				FD74C13B2287DEC400B3A8EE /* InsertionSortArray.swift */,
			);
			path = "Conference-Diffable";
			sourceTree = "<group>";
		};
/* End PBXGroup section */

/* Begin PBXNativeTarget section */
		053A00A622837E6E00C5D56F /* Conference-Mac-Diffable */ = {
			isa = PBXNativeTarget;
			buildConfigurationList = 053A00B422837E6F00C5D56F /* Build configuration list for PBXNativeTarget "Conference-Mac-Diffable" */;
			buildPhases = (
				053A00A322837E6E00C5D56F /* Sources */,
				053A00A422837E6E00C5D56F /* Frameworks */,
				053A00A522837E6E00C5D56F /* Resources */,
				0E94A2D00E922F4000000001,
			);
			buildRules = (
			);
			dependencies = (
			);
			name = "Conference-Mac-Diffable";
			productName = "WWDC-Mac-Diffable";
			productReference = 053A00A722837E6E00C5D56F /* Conference-Mac-Diffable.app */;
			productType = "com.apple.product-type.application";
		};
		FDA8D136225F8531000127E1 /* Conference-Diffable */ = {
			isa = PBXNativeTarget;
			buildConfigurationList = FDA8D15F225F8533000127E1 /* Build configuration list for PBXNativeTarget "Conference-Diffable" */;
			buildPhases = (
				FDA8D133225F8531000127E1 /* Sources */,
				FDA8D134225F8531000127E1 /* Frameworks */,
				FDA8D135225F8531000127E1 /* Resources */,
				0E926A600E926A2000000001,
			);
			buildRules = (
			);
			dependencies = (
			);
			name = "Conference-Diffable";
			productName = "WWDC-Diffable";
			productReference = FDA8D137225F8531000127E1 /* Conference-Diffable.app */;
			productType = "com.apple.product-type.application";
		};
/* End PBXNativeTarget section */

/* Begin PBXProject section */
		FDA8D12F225F8531000127E1 /* Project object */ = {
			isa = PBXProject;
			attributes = {
				DefaultBuildSystemTypeForWorkspace = Original;
				LastSwiftUpdateCheck = 1100;
				LastUpgradeCheck = 1100;
				ORGANIZATIONNAME = Apple;
				TargetAttributes = {
					053A00A622837E6E00C5D56F = {
						CreatedOnToolsVersion = 11.0;
					};
					FDA8D136225F8531000127E1 = {
						CreatedOnToolsVersion = 11.0;
					};
				};
			};
			buildConfigurationList = FDA8D132225F8531000127E1 /* Build configuration list for PBXProject "Conference-Diffable" */;
			compatibilityVersion = "Xcode 11.0";
			developmentRegion = en;
			hasScannedForEncodings = 0;
			knownRegions = (
				en,
				Base,
			);
			mainGroup = FDA8D12E225F8531000127E1;
			productRefGroup = FDA8D138225F8531000127E1 /* Products */;
			projectDirPath = "";
			projectRoot = "";
			targets = (
				FDA8D136225F8531000127E1 /* Conference-Diffable */,
				053A00A622837E6E00C5D56F /* Conference-Mac-Diffable */,
			);
		};
/* End PBXProject section */

/* Begin PBXResourcesBuildPhase section */
		053A00A522837E6E00C5D56F /* Resources */ = {
			isa = PBXResourcesBuildPhase;
			buildActionMask = 2147483647;
			files = (
				573612D322A1CDA900671B03 /* BadgeSupplementaryView.xib in Resources */,
				573612D622A1CDA900671B03 /* MainMenu.xib in Resources */,
				573612DB22A1CDA900671B03 /* InsertionSortItem.xib in Resources */,
				573612DD22A1CDA900671B03 /* AdaptiveSectionsWindow.xib in Resources */,
				573612CF22A1CDA900671B03 /* InsertionSortWindow.xib in Resources */,
				573612E122A1CDA900671B03 /* TwoColumnWindow.xib in Resources */,
				573612D822A1CDA900671B03 /* WiFiSettingsWindow.xib in Resources */,
				573612D122A1CDA900671B03 /* OrthogonalScrollingWindow.xib in Resources */,
				573612E022A1CDA900671B03 /* SectionHeadersFootersWindow.xib in Resources */,
				573612D722A1CDA900671B03 /* TitleSupplementaryView.xib in Resources */,
				053A00AC22837E6F00C5D56F /* Assets.xcassets in Resources */,
				573612DC22A1CDA900671B03 /* ItemBadgeSupplementaryWindow.xib in Resources */,
				573612D022A1CDA900671B03 /* NestedGroupsWindow.xib in Resources */,
				573612D422A1CDA900671B03 /* DistinctSectionsWindow.xib in Resources */,
				573612D522A1CDA900671B03 /* ListWindow.xib in Resources */,
				573612DA22A1CDA900671B03 /* InsetItemsGridWindow.xib in Resources */,
				573612CE22A1CDA900671B03 /* TextItem.xib in Resources */,
				573612DF22A1CDA900671B03 /* ListItem.xib in Resources */,
				573612D922A1CDA900671B03 /* WiFiNetworkItem.xib in Resources */,
				573612DE22A1CDA900671B03 /* MountainsWindow.xib in Resources */,
				573612D222A1CDA900671B03 /* GridWindow.xib in Resources */,
			);
			runOnlyForDeploymentPostprocessing = 0;
		};
		FDA8D135225F8531000127E1 /* Resources */ = {
			isa = PBXResourcesBuildPhase;
			buildActionMask = 2147483647;
			files = (
				FDA8D145225F8533000127E1 /* LaunchScreen.storyboard in Resources */,
				FDA8D142225F8533000127E1 /* Assets.xcassets in Resources */,
				FD57974A228A2AB500801CBA /* README.md in Resources */,
				FDA8D140225F8531000127E1 /* Main.storyboard in Resources */,
			);
			runOnlyForDeploymentPostprocessing = 0;
		};
/* End PBXResourcesBuildPhase section */

/* Begin PBXSourcesBuildPhase section */
		053A00A322837E6E00C5D56F /* Sources */ = {
			isa = PBXSourcesBuildPhase;
			buildActionMask = 2147483647;
			files = (
				05C43D79228A7121002750F0 /* WiFiSettingsWindowController.swift in Sources */,
				05C43D76228A6FB2002750F0 /* MountainsWindowController.swift in Sources */,
				053A00D722837ED000C5D56F /* TextItem.swift in Sources */,
				0586E2712297A0AC00594D93 /* InsertionSortArray.swift in Sources */,
				053A00D322837ED000C5D56F /* ListWindowController.swift in Sources */,
				05C43D6A228A6784002750F0 /* TwoColumnWindowController.swift in Sources */,
				05C43D68228A655C002750F0 /* AdaptiveSectionsWindowController.swift in Sources */,
				05C43D6D228A6949002750F0 /* OrthogonalScrollingWindowController.swift in Sources */,
				05C43D6E228A6A32002750F0 /* ItemBadgeSupplementaryWindowController.swift in Sources */,
				0586E2662297999700594D93 /* InsertionSortWindowController.swift in Sources */,
				05C43D6B228A67AA002750F0 /* DistinctSectionsWindowController.swift in Sources */,
				053A00E622837F4800C5D56F /* WIFIController.swift in Sources */,
				05B367FF22A0D8E800D7A9E0 /* MountainsController.swift in Sources */,
				053A00AA22837E6E00C5D56F /* AppDelegate.swift in Sources */,
				053A00E022837EDE00C5D56F /* WiFiNetworkItem.swift in Sources */,
				053A00D822837ED000C5D56F /* TitleSupplementaryView.swift in Sources */,
				0586E26C22979E5400594D93 /* InsertionSortItem.swift in Sources */,
				05C43D6F228A6D15002750F0 /* SectionHeadersFootersWindowController.swift in Sources */,
				05C43D6C228A6866002750F0 /* NestedGroupsWindowController.swift in Sources */,
				05C43D67228A64EC002750F0 /* GridWindowController.swift in Sources */,
				05C43D69228A66EA002750F0 /* InsetItemsGridWindowController.swift in Sources */,
				053A00D622837ED000C5D56F /* ListItem.swift in Sources */,
				05B367FE22A0D8E800D7A9E0 /* MountainsRawData.swift in Sources */,
			);
			runOnlyForDeploymentPostprocessing = 0;
		};
		FDA8D133225F8531000127E1 /* Sources */ = {
			isa = PBXSourcesBuildPhase;
			buildActionMask = 2147483647;
			files = (
				FD65E18422763A4900F8AF46 /* LabelCell.swift in Sources */,
				FDD8A183226FB67000CA5179 /* ListViewController.swift in Sources */,
				FD2A161C22A0B05400418F29 /* MountainsController.swift in Sources */,
				FD74C13E2287E99600B3A8EE /* InsertionSortViewController.swift in Sources */,
				FD1BB0AB225FA81D003ADF88 /* WIFIController.swift in Sources */,
				FD48D9C0227E85F8002F1D62 /* ConferenceNewsFeedViewController.swift in Sources */,
				FDCFA2992286995D00D658EB /* SectionBackgroundDecorationView.swift in Sources */,
				FDA8D13D225F8531000127E1 /* OutlineViewController.swift in Sources */,
				FD74C13C2287DEC400B3A8EE /* InsertionSortArray.swift in Sources */,
				FD65E1792276227B00F8AF46 /* OrthogonalScrollingViewController.swift in Sources */,
				FD09E6D42276BC250009D23B /* SectionHeadersFootersViewController.swift in Sources */,
				FD9671C22268EF6900301EBB /* ConferenceVideoSessionsViewController.swift in Sources */,
				FD9DA0782270F09100D6168E /* TwoColumnViewController.swift in Sources */,
				FD934DD3226FE0F70032CFFE /* AdaptiveSectionsViewController.swift in Sources */,
				FD1BB0A9225FA802003ADF88 /* WiFiSettingsViewController.swift in Sources */,
				FD9671C42268F07400301EBB /* TextCell.swift in Sources */,
				FD65E17722761AFA00F8AF46 /* NestedGroupsViewController.swift in Sources */,
				FD65E18A227646ED00F8AF46 /* BadgeSupplementrayView.swift in Sources */,
				FD6007E6227E7E0000AC371F /* ConferenceNewsController.swift in Sources */,
				FDCFA2972286987600D658EB /* SectionDecorationViewController.swift in Sources */,
				FD65E17B22762ADB00F8AF46 /* OrthogonalScrollBehaviorViewController.swift in Sources */,
				5777C885229910E100AEF7BB /* MountainsRawData.swift in Sources */,
				FD1BB0A7225F9257003ADF88 /* OutlineItemCell.swift in Sources */,
				FD65E1882276444F00F8AF46 /* ItemBadgeSupplementaryViewController.swift in Sources */,
				FDD8A181226FB1B300CA5179 /* GridViewController.swift in Sources */,
				FDCE3654226901C000F3035B /* ConferenceVideoCell.swift in Sources */,
				FDA8D13B225F8531000127E1 /* AppDelegate.swift in Sources */,
				FD65E1822276394000F8AF46 /* MountainsViewController.swift in Sources */,
				FD20C3C82268D99100935CB2 /* ConferenceVideoController.swift in Sources */,
				FD934DD1226FDB9A0032CFFE /* DistinctSectionsViewController.swift in Sources */,
				FD09E6D62276BF030009D23B /* PinnedSectionHeaderFooterViewController.swift in Sources */,
				FD6007E8227E81EF00AC371F /* ConferenceNewsFeedCell.swift in Sources */,
				FD9DA09E2271289500D6168E /* ListCell.swift in Sources */,
				FD934DCF226FD6B70032CFFE /* InsetItemsGridViewController.swift in Sources */,
				FDCE36522268FDB800F3035B /* TitleSupplementaryView.swift in Sources */,
			);
			runOnlyForDeploymentPostprocessing = 0;
		};
/* End PBXSourcesBuildPhase section */

/* Begin PBXVariantGroup section */
		573612A622A1CDA800671B03 /* TextItem.xib */ = {
			isa = PBXVariantGroup;
			children = (
				573612A722A1CDA800671B03 /* Base */,
			);
			name = TextItem.xib;
			sourceTree = "<group>";
		};
		573612A822A1CDA800671B03 /* InsertionSortWindow.xib */ = {
			isa = PBXVariantGroup;
			children = (
				573612A922A1CDA800671B03 /* Base */,
			);
			name = InsertionSortWindow.xib;
			sourceTree = "<group>";
		};
		573612AA22A1CDA800671B03 /* NestedGroupsWindow.xib */ = {
			isa = PBXVariantGroup;
			children = (
				573612AB22A1CDA800671B03 /* Base */,
			);
			name = NestedGroupsWindow.xib;
			sourceTree = "<group>";
		};
		573612AC22A1CDA800671B03 /* OrthogonalScrollingWindow.xib */ = {
			isa = PBXVariantGroup;
			children = (
				573612AD22A1CDA800671B03 /* Base */,
			);
			name = OrthogonalScrollingWindow.xib;
			sourceTree = "<group>";
		};
		573612AE22A1CDA800671B03 /* GridWindow.xib */ = {
			isa = PBXVariantGroup;
			children = (
				573612AF22A1CDA800671B03 /* Base */,
			);
			name = GridWindow.xib;
			sourceTree = "<group>";
		};
		573612B022A1CDA800671B03 /* BadgeSupplementaryView.xib */ = {
			isa = PBXVariantGroup;
			children = (
				573612B122A1CDA800671B03 /* Base */,
			);
			name = BadgeSupplementaryView.xib;
			sourceTree = "<group>";
		};
		573612B222A1CDA800671B03 /* DistinctSectionsWindow.xib */ = {
			isa = PBXVariantGroup;
			children = (
				573612B322A1CDA800671B03 /* Base */,
			);
			name = DistinctSectionsWindow.xib;
			sourceTree = "<group>";
		};
		573612B422A1CDA800671B03 /* ListWindow.xib */ = {
			isa = PBXVariantGroup;
			children = (
				573612B522A1CDA800671B03 /* Base */,
			);
			name = ListWindow.xib;
			sourceTree = "<group>";
		};
		573612B622A1CDA800671B03 /* MainMenu.xib */ = {
			isa = PBXVariantGroup;
			children = (
				573612B722A1CDA800671B03 /* Base */,
			);
			name = MainMenu.xib;
			sourceTree = "<group>";
		};
		573612B822A1CDA800671B03 /* TitleSupplementaryView.xib */ = {
			isa = PBXVariantGroup;
			children = (
				573612B922A1CDA800671B03 /* Base */,
			);
			name = TitleSupplementaryView.xib;
			sourceTree = "<group>";
		};
		573612BA22A1CDA800671B03 /* WiFiSettingsWindow.xib */ = {
			isa = PBXVariantGroup;
			children = (
				573612BB22A1CDA800671B03 /* Base */,
			);
			name = WiFiSettingsWindow.xib;
			sourceTree = "<group>";
		};
		573612BC22A1CDA800671B03 /* WiFiNetworkItem.xib */ = {
			isa = PBXVariantGroup;
			children = (
				573612BD22A1CDA800671B03 /* Base */,
			);
			name = WiFiNetworkItem.xib;
			sourceTree = "<group>";
		};
		573612BE22A1CDA800671B03 /* InsetItemsGridWindow.xib */ = {
			isa = PBXVariantGroup;
			children = (
				573612BF22A1CDA800671B03 /* Base */,
			);
			name = InsetItemsGridWindow.xib;
			sourceTree = "<group>";
		};
		573612C022A1CDA800671B03 /* InsertionSortItem.xib */ = {
			isa = PBXVariantGroup;
			children = (
				573612C122A1CDA800671B03 /* Base */,
			);
			name = InsertionSortItem.xib;
			sourceTree = "<group>";
		};
		573612C222A1CDA800671B03 /* ItemBadgeSupplementaryWindow.xib */ = {
			isa = PBXVariantGroup;
			children = (
				573612C322A1CDA800671B03 /* Base */,
			);
			name = ItemBadgeSupplementaryWindow.xib;
			sourceTree = "<group>";
		};
		573612C422A1CDA800671B03 /* AdaptiveSectionsWindow.xib */ = {
			isa = PBXVariantGroup;
			children = (
				573612C522A1CDA800671B03 /* Base */,
			);
			name = AdaptiveSectionsWindow.xib;
			sourceTree = "<group>";
		};
		573612C622A1CDA800671B03 /* MountainsWindow.xib */ = {
			isa = PBXVariantGroup;
			children = (
				573612C722A1CDA800671B03 /* Base */,
			);
			name = MountainsWindow.xib;
			sourceTree = "<group>";
		};
		573612C822A1CDA800671B03 /* ListItem.xib */ = {
			isa = PBXVariantGroup;
			children = (
				573612C922A1CDA800671B03 /* Base */,
			);
			name = ListItem.xib;
			sourceTree = "<group>";
		};
		573612CA22A1CDA800671B03 /* SectionHeadersFootersWindow.xib */ = {
			isa = PBXVariantGroup;
			children = (
				573612CB22A1CDA800671B03 /* Base */,
			);
			name = SectionHeadersFootersWindow.xib;
			sourceTree = "<group>";
		};
		573612CC22A1CDA900671B03 /* TwoColumnWindow.xib */ = {
			isa = PBXVariantGroup;
			children = (
				573612CD22A1CDA900671B03 /* Base */,
			);
			name = TwoColumnWindow.xib;
			sourceTree = "<group>";
		};
		FDA8D13E225F8531000127E1 /* Main.storyboard */ = {
			isa = PBXVariantGroup;
			children = (
				FDA8D13F225F8531000127E1 /* Base */,
			);
			name = Main.storyboard;
			sourceTree = "<group>";
		};
		FDA8D143225F8533000127E1 /* LaunchScreen.storyboard */ = {
			isa = PBXVariantGroup;
			children = (
				FDA8D144225F8533000127E1 /* Base */,
			);
			name = LaunchScreen.storyboard;
			sourceTree = "<group>";
		};
/* End PBXVariantGroup section */

/* Begin XCBuildConfiguration section */
		053A00B222837E6F00C5D56F /* Debug */ = {
			isa = XCBuildConfiguration;
			baseConfigurationReference = DBD17F70DBD3070000000001 /* SampleCode.xcconfig */;
			buildSettings = {
				ASSETCATALOG_COMPILER_APPICON_NAME = AppIcon;
				CODE_SIGN_ENTITLEMENTS = "Conference-Mac-Diffable/Conference_Mac_Diffable.entitlements";
				CODE_SIGN_IDENTITY = "Mac Developer";
				CODE_SIGN_STYLE = Automatic;
				COMBINE_HIDPI_IMAGES = YES;
				DEVELOPMENT_TEAM = "";
				INFOPLIST_FILE = "Conference-Mac-Diffable/Info.plist";
				LD_RUNPATH_SEARCH_PATHS = (
					"$(inherited)",
					"@executable_path/../Frameworks",
				);
				MACOSX_DEPLOYMENT_TARGET = 10.15;
				PRODUCT_BUNDLE_IDENTIFIER = "com.example.apple-samplecode.Conference-Mac-Diffable${SAMPLE_CODE_DISAMBIGUATOR}";
				PRODUCT_NAME = "$(TARGET_NAME)";
				PROVISIONING_PROFILE_SPECIFIER = "";
				SDKROOT = macosx;
				SWIFT_OBJC_BRIDGING_HEADER = "";
				SWIFT_VERSION = 5.0;
			};
			name = Debug;
		};
		053A00B322837E6F00C5D56F /* Release */ = {
			isa = XCBuildConfiguration;
			baseConfigurationReference = DBD17F70DBD3070000000001 /* SampleCode.xcconfig */;
			buildSettings = {
				ASSETCATALOG_COMPILER_APPICON_NAME = AppIcon;
				CODE_SIGN_ENTITLEMENTS = "Conference-Mac-Diffable/Conference_Mac_Diffable.entitlements";
				CODE_SIGN_IDENTITY = "Mac Developer";
				CODE_SIGN_STYLE = Automatic;
				COMBINE_HIDPI_IMAGES = YES;
				DEVELOPMENT_TEAM = "";
				INFOPLIST_FILE = "Conference-Mac-Diffable/Info.plist";
				LD_RUNPATH_SEARCH_PATHS = (
					"$(inherited)",
					"@executable_path/../Frameworks",
				);
				MACOSX_DEPLOYMENT_TARGET = 10.15;
				PRODUCT_BUNDLE_IDENTIFIER = "com.example.apple-samplecode.Conference-Mac-Diffable${SAMPLE_CODE_DISAMBIGUATOR}";
				PRODUCT_NAME = "$(TARGET_NAME)";
				PROVISIONING_PROFILE_SPECIFIER = "";
				SDKROOT = macosx;
				SWIFT_OBJC_BRIDGING_HEADER = "";
				SWIFT_VERSION = 5.0;
			};
			name = Release;
		};
		FDA8D15D225F8533000127E1 /* Debug */ = {
			isa = XCBuildConfiguration;
			baseConfigurationReference = DBD17F70DBD3070000000001 /* SampleCode.xcconfig */;
			buildSettings = {
				ALWAYS_SEARCH_USER_PATHS = NO;
				CLANG_ANALYZER_NONNULL = YES;
				CLANG_ANALYZER_NUMBER_OBJECT_CONVERSION = YES_AGGRESSIVE;
				CLANG_CXX_LANGUAGE_STANDARD = "gnu++14";
				CLANG_CXX_LIBRARY = "libc++";
				CLANG_ENABLE_MODULES = YES;
				CLANG_ENABLE_OBJC_ARC = YES;
				CLANG_ENABLE_OBJC_WEAK = YES;
				CLANG_WARN_BLOCK_CAPTURE_AUTORELEASING = YES;
				CLANG_WARN_BOOL_CONVERSION = YES;
				CLANG_WARN_COMMA = YES;
				CLANG_WARN_CONSTANT_CONVERSION = YES;
				CLANG_WARN_DEPRECATED_OBJC_IMPLEMENTATIONS = YES;
				CLANG_WARN_DIRECT_OBJC_ISA_USAGE = YES_ERROR;
				CLANG_WARN_DOCUMENTATION_COMMENTS = YES;
				CLANG_WARN_EMPTY_BODY = YES;
				CLANG_WARN_ENUM_CONVERSION = YES;
				CLANG_WARN_INFINITE_RECURSION = YES;
				CLANG_WARN_INT_CONVERSION = YES;
				CLANG_WARN_NON_LITERAL_NULL_CONVERSION = YES;
				CLANG_WARN_OBJC_IMPLICIT_RETAIN_SELF = YES;
				CLANG_WARN_OBJC_LITERAL_CONVERSION = YES;
				CLANG_WARN_OBJC_ROOT_CLASS = YES_ERROR;
				CLANG_WARN_RANGE_LOOP_ANALYSIS = YES;
				CLANG_WARN_STRICT_PROTOTYPES = YES;
				CLANG_WARN_SUSPICIOUS_MOVE = YES;
				CLANG_WARN_UNGUARDED_AVAILABILITY = YES_AGGRESSIVE;
				CLANG_WARN_UNREACHABLE_CODE = YES;
				CLANG_WARN__DUPLICATE_METHOD_MATCH = YES;
				CODE_SIGN_IDENTITY = "Apple Development";
				COPY_PHASE_STRIP = NO;
				DEBUG_INFORMATION_FORMAT = dwarf;
				ENABLE_STRICT_OBJC_MSGSEND = YES;
				ENABLE_TESTABILITY = YES;
				GCC_C_LANGUAGE_STANDARD = gnu11;
				GCC_DYNAMIC_NO_PIC = NO;
				GCC_NO_COMMON_BLOCKS = YES;
				GCC_OPTIMIZATION_LEVEL = 0;
				GCC_PREPROCESSOR_DEFINITIONS = (
					"DEBUG=1",
					"$(inherited)",
				);
				GCC_WARN_64_TO_32_BIT_CONVERSION = YES;
				GCC_WARN_ABOUT_RETURN_TYPE = YES_ERROR;
				GCC_WARN_UNDECLARED_SELECTOR = YES;
				GCC_WARN_UNINITIALIZED_AUTOS = YES_AGGRESSIVE;
				GCC_WARN_UNUSED_FUNCTION = YES;
				GCC_WARN_UNUSED_VARIABLE = YES;
				IPHONEOS_DEPLOYMENT_TARGET = 13.0;
				MACOSX_DEPLOYMENT_TARGET = 10.15;
				MTL_ENABLE_DEBUG_INFO = INCLUDE_SOURCE;
				MTL_FAST_MATH = YES;
				ONLY_ACTIVE_ARCH = YES;
				SDKROOT = iphoneos;
				SWIFT_ACTIVE_COMPILATION_CONDITIONS = DEBUG;
				SWIFT_OPTIMIZATION_LEVEL = "-Onone";
			};
			name = Debug;
		};
		FDA8D15E225F8533000127E1 /* Release */ = {
			isa = XCBuildConfiguration;
			baseConfigurationReference = DBD17F70DBD3070000000001 /* SampleCode.xcconfig */;
			buildSettings = {
				ALWAYS_SEARCH_USER_PATHS = NO;
				CLANG_ANALYZER_NONNULL = YES;
				CLANG_ANALYZER_NUMBER_OBJECT_CONVERSION = YES_AGGRESSIVE;
				CLANG_CXX_LANGUAGE_STANDARD = "gnu++14";
				CLANG_CXX_LIBRARY = "libc++";
				CLANG_ENABLE_MODULES = YES;
				CLANG_ENABLE_OBJC_ARC = YES;
				CLANG_ENABLE_OBJC_WEAK = YES;
				CLANG_WARN_BLOCK_CAPTURE_AUTORELEASING = YES;
				CLANG_WARN_BOOL_CONVERSION = YES;
				CLANG_WARN_COMMA = YES;
				CLANG_WARN_CONSTANT_CONVERSION = YES;
				CLANG_WARN_DEPRECATED_OBJC_IMPLEMENTATIONS = YES;
				CLANG_WARN_DIRECT_OBJC_ISA_USAGE = YES_ERROR;
				CLANG_WARN_DOCUMENTATION_COMMENTS = YES;
				CLANG_WARN_EMPTY_BODY = YES;
				CLANG_WARN_ENUM_CONVERSION = YES;
				CLANG_WARN_INFINITE_RECURSION = YES;
				CLANG_WARN_INT_CONVERSION = YES;
				CLANG_WARN_NON_LITERAL_NULL_CONVERSION = YES;
				CLANG_WARN_OBJC_IMPLICIT_RETAIN_SELF = YES;
				CLANG_WARN_OBJC_LITERAL_CONVERSION = YES;
				CLANG_WARN_OBJC_ROOT_CLASS = YES_ERROR;
				CLANG_WARN_RANGE_LOOP_ANALYSIS = YES;
				CLANG_WARN_STRICT_PROTOTYPES = YES;
				CLANG_WARN_SUSPICIOUS_MOVE = YES;
				CLANG_WARN_UNGUARDED_AVAILABILITY = YES_AGGRESSIVE;
				CLANG_WARN_UNREACHABLE_CODE = YES;
				CLANG_WARN__DUPLICATE_METHOD_MATCH = YES;
				CODE_SIGN_IDENTITY = "Apple Development";
				COPY_PHASE_STRIP = NO;
				DEBUG_INFORMATION_FORMAT = "dwarf-with-dsym";
				ENABLE_NS_ASSERTIONS = NO;
				ENABLE_STRICT_OBJC_MSGSEND = YES;
				GCC_C_LANGUAGE_STANDARD = gnu11;
				GCC_NO_COMMON_BLOCKS = YES;
				GCC_WARN_64_TO_32_BIT_CONVERSION = YES;
				GCC_WARN_ABOUT_RETURN_TYPE = YES_ERROR;
				GCC_WARN_UNDECLARED_SELECTOR = YES;
				GCC_WARN_UNINITIALIZED_AUTOS = YES_AGGRESSIVE;
				GCC_WARN_UNUSED_FUNCTION = YES;
				GCC_WARN_UNUSED_VARIABLE = YES;
				IPHONEOS_DEPLOYMENT_TARGET = 13.0;
				MACOSX_DEPLOYMENT_TARGET = 10.15;
				MTL_ENABLE_DEBUG_INFO = NO;
				MTL_FAST_MATH = YES;
				SDKROOT = iphoneos;
				SWIFT_COMPILATION_MODE = wholemodule;
				SWIFT_OPTIMIZATION_LEVEL = "-O";
				VALIDATE_PRODUCT = YES;
			};
			name = Release;
		};
		FDA8D160225F8533000127E1 /* Debug */ = {
			isa = XCBuildConfiguration;
			baseConfigurationReference = DBD17F70DBD3070000000001 /* SampleCode.xcconfig */;
			buildSettings = {
				ASSETCATALOG_COMPILER_APPICON_NAME = AppIcon;
				CODE_SIGN_IDENTITY = "iPhone Developer";
				CODE_SIGN_STYLE = Automatic;
				DEVELOPMENT_TEAM = "";
				INFOPLIST_FILE = "Conference-Diffable/Info.plist";
				LD_RUNPATH_SEARCH_PATHS = (
					"$(inherited)",
					"@executable_path/Frameworks",
				);
				PRODUCT_BUNDLE_IDENTIFIER = "com.example.apple-samplecode.collection-view-2019${SAMPLE_CODE_DISAMBIGUATOR}";
				PRODUCT_NAME = "$(TARGET_NAME)";
				PROVISIONING_PROFILE_SPECIFIER = "";
				SDKROOT = iphoneos;
				SWIFT_INSTALL_OBJC_HEADER = NO;
				SWIFT_VERSION = 5.0;
				TARGETED_DEVICE_FAMILY = "1,2";
			};
			name = Debug;
		};
		FDA8D161225F8533000127E1 /* Release */ = {
			isa = XCBuildConfiguration;
			baseConfigurationReference = DBD17F70DBD3070000000001 /* SampleCode.xcconfig */;
			buildSettings = {
				ASSETCATALOG_COMPILER_APPICON_NAME = AppIcon;
				CODE_SIGN_IDENTITY = "iPhone Developer";
				CODE_SIGN_STYLE = Automatic;
				DEVELOPMENT_TEAM = "";
				INFOPLIST_FILE = "Conference-Diffable/Info.plist";
				LD_RUNPATH_SEARCH_PATHS = (
					"$(inherited)",
					"@executable_path/Frameworks",
				);
				PRODUCT_BUNDLE_IDENTIFIER = "com.example.apple-samplecode.collection-view-2019${SAMPLE_CODE_DISAMBIGUATOR}";
				PRODUCT_NAME = "$(TARGET_NAME)";
				PROVISIONING_PROFILE_SPECIFIER = "";
				SDKROOT = iphoneos;
				SWIFT_INSTALL_OBJC_HEADER = NO;
				SWIFT_VERSION = 5.0;
				TARGETED_DEVICE_FAMILY = "1,2";
			};
			name = Release;
		};
/* End XCBuildConfiguration section */

/* Begin XCConfigurationList section */
		053A00B422837E6F00C5D56F /* Build configuration list for PBXNativeTarget "Conference-Mac-Diffable" */ = {
			isa = XCConfigurationList;
			buildConfigurations = (
				053A00B222837E6F00C5D56F /* Debug */,
				053A00B322837E6F00C5D56F /* Release */,
			);
			defaultConfigurationIsVisible = 0;
			defaultConfigurationName = Release;
		};
		FDA8D132225F8531000127E1 /* Build configuration list for PBXProject "Conference-Diffable" */ = {
			isa = XCConfigurationList;
			buildConfigurations = (
				FDA8D15D225F8533000127E1 /* Debug */,
				FDA8D15E225F8533000127E1 /* Release */,
			);
			defaultConfigurationIsVisible = 0;
			defaultConfigurationName = Release;
		};
		FDA8D15F225F8533000127E1 /* Build configuration list for PBXNativeTarget "Conference-Diffable" */ = {
			isa = XCConfigurationList;
			buildConfigurations = (
				FDA8D160225F8533000127E1 /* Debug */,
				FDA8D161225F8533000127E1 /* Release */,
			);
			defaultConfigurationIsVisible = 0;
			defaultConfigurationName = Release;
		};
/* End XCConfigurationList section */
	};
	rootObject = FDA8D12F225F8531000127E1 /* Project object */;
}
